
Microsoft Visual Studio Solution File, Format Version 12.00
# Visual Studio Version 17
VisualStudioVersion = 17.3.32825.248
MinimumVisualStudioVersion = 10.0.40219.1
Project("{FAE04EC0-301F-11D3-BF4B-00C04F79EFBC}") = "ContactApplication", "ContactApplication\ContactApplication.csproj", "{B97825BF-7447-4F82-B989-C657ACFAEECD}"
EndProject
Global
	GlobalSection(SolutionConfigurationPlatforms) = preSolution
		Debug|Any CPU = Debug|Any CPU
		Release|Any CPU = Release|Any CPU
	EndGlobalSection
	GlobalSection(ProjectConfigurationPlatforms) = postSolution
		{B97825BF-7447-4F82-B989-C657ACFAEECD}.Debug|Any CPU.ActiveCfg = Debug|Any CPU
		{B97825BF-7447-4F82-B989-C657ACFAEECD}.Debug|Any CPU.Build.0 = Debug|Any CPU
		{B97825BF-7447-4F82-B989-C657ACFAEECD}.Release|Any CPU.ActiveCfg = Release|Any CPU
		{B97825BF-7447-4F82-B989-C657ACFAEECD}.Release|Any CPU.Build.0 = Release|Any CPU
	EndGlobalSection
	GlobalSection(SolutionProperties) = preSolution
		HideSolutionNode = FALSE
	EndGlobalSection
	GlobalSection(ExtensibilityGlobals) = postSolution
		SolutionGuid = {98AC78B4-B6F1-4CDF-B372-69D395AE049F}
	EndGlobalSection
EndGlobal
